// !$*UTF8*$!
{
	archiveVersion = 1;
	classes = {
	};
	objectVersion = 56;
	objects = {

/* Begin PBXBuildFile section */
		4DB07AB0297AB64700210524 /* AppDelegate.swift in Sources */ = {isa = PBXBuildFile; fileRef = 4DB07AAF297AB64700210524 /* AppDelegate.swift */; };
		4DB07AB2297AB64700210524 /* SceneDelegate.swift in Sources */ = {isa = PBXBuildFile; fileRef = 4DB07AB1297AB64700210524 /* SceneDelegate.swift */; };
		4DB07AB4297AB64700210524 /* RMTabBarViewController.swift in Sources */ = {isa = PBXBuildFile; fileRef = 4DB07AB3297AB64700210524 /* RMTabBarViewController.swift */; };
		4DB07AB9297AB64900210524 /* Assets.xcassets in Resources */ = {isa = PBXBuildFile; fileRef = 4DB07AB8297AB64900210524 /* Assets.xcassets */; };
		4DB07ABC297AB64900210524 /* LaunchScreen.storyboard in Resources */ = {isa = PBXBuildFile; fileRef = 4DB07ABA297AB64900210524 /* LaunchScreen.storyboard */; };
		4DB07ACB297AB8B500210524 /* RMLocation.swift in Sources */ = {isa = PBXBuildFile; fileRef = 4DB07ACA297AB8B500210524 /* RMLocation.swift */; };
		4DB07ACD297AB8C100210524 /* RMCharacter.swift in Sources */ = {isa = PBXBuildFile; fileRef = 4DB07ACC297AB8C100210524 /* RMCharacter.swift */; };
		4DB07ACF297AB8C800210524 /* RMEpisode.swift in Sources */ = {isa = PBXBuildFile; fileRef = 4DB07ACE297AB8C800210524 /* RMEpisode.swift */; };
		4DB07AD2297AB91F00210524 /* RMCharacterViewController.swift in Sources */ = {isa = PBXBuildFile; fileRef = 4DB07AD1297AB91F00210524 /* RMCharacterViewController.swift */; };
		4DB07AD4297AB97300210524 /* RMLocationViewController.swift in Sources */ = {isa = PBXBuildFile; fileRef = 4DB07AD3297AB97300210524 /* RMLocationViewController.swift */; };
		4DB07AD6297AB97B00210524 /* RMEpisodeViewController.swift in Sources */ = {isa = PBXBuildFile; fileRef = 4DB07AD5297AB97B00210524 /* RMEpisodeViewController.swift */; };
		4DB07AD8297AB98200210524 /* RMSettingsViewController.swift in Sources */ = {isa = PBXBuildFile; fileRef = 4DB07AD7297AB98200210524 /* RMSettingsViewController.swift */; };
		4DB07ADA297AC0D900210524 /* RMService.swift in Sources */ = {isa = PBXBuildFile; fileRef = 4DB07AD9297AC0D900210524 /* RMService.swift */; };
		4DB07ADC297AC0EC00210524 /* RMRequest.swift in Sources */ = {isa = PBXBuildFile; fileRef = 4DB07ADB297AC0EC00210524 /* RMRequest.swift */; };
		4DB07ADE297AC15F00210524 /* RMEndpoint.swift in Sources */ = {isa = PBXBuildFile; fileRef = 4DB07ADD297AC15F00210524 /* RMEndpoint.swift */; };
/* End PBXBuildFile section */

/* Begin PBXFileReference section */
		4DB07AAC297AB64700210524 /* RickAndMorty.app */ = {isa = PBXFileReference; explicitFileType = wrapper.application; includeInIndex = 0; path = RickAndMorty.app; sourceTree = BUILT_PRODUCTS_DIR; };
		4DB07AAF297AB64700210524 /* AppDelegate.swift */ = {isa = PBXFileReference; lastKnownFileType = sourcecode.swift; path = AppDelegate.swift; sourceTree = "<group>"; };
		4DB07AB1297AB64700210524 /* SceneDelegate.swift */ = {isa = PBXFileReference; lastKnownFileType = sourcecode.swift; path = SceneDelegate.swift; sourceTree = "<group>"; };
		4DB07AB3297AB64700210524 /* RMTabBarViewController.swift */ = {isa = PBXFileReference; lastKnownFileType = sourcecode.swift; path = RMTabBarViewController.swift; sourceTree = "<group>"; };
		4DB07AB8297AB64900210524 /* Assets.xcassets */ = {isa = PBXFileReference; lastKnownFileType = folder.assetcatalog; path = Assets.xcassets; sourceTree = "<group>"; };
		4DB07ABB297AB64900210524 /* Base */ = {isa = PBXFileReference; lastKnownFileType = file.storyboard; name = Base; path = Base.lproj/LaunchScreen.storyboard; sourceTree = "<group>"; };
		4DB07ABD297AB64900210524 /* Info.plist */ = {isa = PBXFileReference; lastKnownFileType = text.plist.xml; path = Info.plist; sourceTree = "<group>"; };
		4DB07ACA297AB8B500210524 /* RMLocation.swift */ = {isa = PBXFileReference; lastKnownFileType = sourcecode.swift; path = RMLocation.swift; sourceTree = "<group>"; };
		4DB07ACC297AB8C100210524 /* RMCharacter.swift */ = {isa = PBXFileReference; lastKnownFileType = sourcecode.swift; path = RMCharacter.swift; sourceTree = "<group>"; };
		4DB07ACE297AB8C800210524 /* RMEpisode.swift */ = {isa = PBXFileReference; lastKnownFileType = sourcecode.swift; path = RMEpisode.swift; sourceTree = "<group>"; };
		4DB07AD1297AB91F00210524 /* RMCharacterViewController.swift */ = {isa = PBXFileReference; lastKnownFileType = sourcecode.swift; path = RMCharacterViewController.swift; sourceTree = "<group>"; };
		4DB07AD3297AB97300210524 /* RMLocationViewController.swift */ = {isa = PBXFileReference; lastKnownFileType = sourcecode.swift; path = RMLocationViewController.swift; sourceTree = "<group>"; };
		4DB07AD5297AB97B00210524 /* RMEpisodeViewController.swift */ = {isa = PBXFileReference; lastKnownFileType = sourcecode.swift; path = RMEpisodeViewController.swift; sourceTree = "<group>"; };
		4DB07AD7297AB98200210524 /* RMSettingsViewController.swift */ = {isa = PBXFileReference; lastKnownFileType = sourcecode.swift; path = RMSettingsViewController.swift; sourceTree = "<group>"; };
		4DB07AD9297AC0D900210524 /* RMService.swift */ = {isa = PBXFileReference; lastKnownFileType = sourcecode.swift; path = RMService.swift; sourceTree = "<group>"; };
		4DB07ADB297AC0EC00210524 /* RMRequest.swift */ = {isa = PBXFileReference; lastKnownFileType = sourcecode.swift; path = RMRequest.swift; sourceTree = "<group>"; };
		4DB07ADD297AC15F00210524 /* RMEndpoint.swift */ = {isa = PBXFileReference; lastKnownFileType = sourcecode.swift; path = RMEndpoint.swift; sourceTree = "<group>"; };
/* End PBXFileReference section */

/* Begin PBXFrameworksBuildPhase section */
		4DB07AA9297AB64700210524 /* Frameworks */ = {
			isa = PBXFrameworksBuildPhase;
			buildActionMask = 2147483647;
			files = (
			);
			runOnlyForDeploymentPostprocessing = 0;
		};
/* End PBXFrameworksBuildPhase section */

/* Begin PBXGroup section */
		4DB07AA3297AB64700210524 = {
			isa = PBXGroup;
			children = (
				4DB07AAE297AB64700210524 /* RickAndMorty */,
				4DB07AAD297AB64700210524 /* Products */,
			);
			sourceTree = "<group>";
		};
		4DB07AAD297AB64700210524 /* Products */ = {
			isa = PBXGroup;
			children = (
				4DB07AAC297AB64700210524 /* RickAndMorty.app */,
			);
			name = Products;
			sourceTree = "<group>";
		};
		4DB07AAE297AB64700210524 /* RickAndMorty */ = {
			isa = PBXGroup;
			children = (
				4DB07AC8297AB84F00210524 /* Resources */,
				4DB07AC7297AB84400210524 /* Managers */,
				4DB07AC9297AB86100210524 /* APIClient */,
				4DB07AC6297AB83C00210524 /* ViewModels */,
				4DB07AC5297AB83500210524 /* View */,
				4DB07AC4297AB82B00210524 /* Models */,
				4DB07AC3297AB82100210524 /* Controllers */,
				4DB07ABD297AB64900210524 /* Info.plist */,
			);
			path = RickAndMorty;
			sourceTree = "<group>";
		};
		4DB07AC3297AB82100210524 /* Controllers */ = {
			isa = PBXGroup;
			children = (
				4DB07AD0297AB90600210524 /* Core */,
			);
			path = Controllers;
			sourceTree = "<group>";
		};
		4DB07AC4297AB82B00210524 /* Models */ = {
			isa = PBXGroup;
			children = (
				4DB07ACA297AB8B500210524 /* RMLocation.swift */,
				4DB07ACC297AB8C100210524 /* RMCharacter.swift */,
				4DB07ACE297AB8C800210524 /* RMEpisode.swift */,
			);
			path = Models;
			sourceTree = "<group>";
		};
		4DB07AC5297AB83500210524 /* View */ = {
			isa = PBXGroup;
			children = (
			);
			path = View;
			sourceTree = "<group>";
		};
		4DB07AC6297AB83C00210524 /* ViewModels */ = {
			isa = PBXGroup;
			children = (
			);
			path = ViewModels;
			sourceTree = "<group>";
		};
		4DB07AC7297AB84400210524 /* Managers */ = {
			isa = PBXGroup;
			children = (
			);
			path = Managers;
			sourceTree = "<group>";
		};
		4DB07AC8297AB84F00210524 /* Resources */ = {
			isa = PBXGroup;
			children = (
				4DB07AB8297AB64900210524 /* Assets.xcassets */,
				4DB07ABA297AB64900210524 /* LaunchScreen.storyboard */,
				4DB07AAF297AB64700210524 /* AppDelegate.swift */,
				4DB07AB1297AB64700210524 /* SceneDelegate.swift */,
			);
			path = Resources;
			sourceTree = "<group>";
		};
		4DB07AC9297AB86100210524 /* APIClient */ = {
			isa = PBXGroup;
			children = (
				4DB07AD9297AC0D900210524 /* RMService.swift */,
				4DB07ADB297AC0EC00210524 /* RMRequest.swift */,
				4DB07ADD297AC15F00210524 /* RMEndpoint.swift */,
			);
			path = APIClient;
			sourceTree = "<group>";
		};
		4DB07AD0297AB90600210524 /* Core */ = {
			isa = PBXGroup;
			children = (
				4DB07AB3297AB64700210524 /* RMTabBarViewController.swift */,
				4DB07AD1297AB91F00210524 /* RMCharacterViewController.swift */,
				4DB07AD3297AB97300210524 /* RMLocationViewController.swift */,
				4DB07AD5297AB97B00210524 /* RMEpisodeViewController.swift */,
				4DB07AD7297AB98200210524 /* RMSettingsViewController.swift */,
			);
			path = Core;
			sourceTree = "<group>";
		};
/* End PBXGroup section */

/* Begin PBXNativeTarget section */
		4DB07AAB297AB64700210524 /* RickAndMorty */ = {
			isa = PBXNativeTarget;
			buildConfigurationList = 4DB07AC0297AB64900210524 /* Build configuration list for PBXNativeTarget "RickAndMorty" */;
			buildPhases = (
				4DB07AA8297AB64700210524 /* Sources */,
				4DB07AA9297AB64700210524 /* Frameworks */,
				4DB07AAA297AB64700210524 /* Resources */,
			);
			buildRules = (
			);
			dependencies = (
			);
			name = RickAndMorty;
			productName = RickAndMorty;
			productReference = 4DB07AAC297AB64700210524 /* RickAndMorty.app */;
			productType = "com.apple.product-type.application";
		};
/* End PBXNativeTarget section */

/* Begin PBXProject section */
		4DB07AA4297AB64700210524 /* Project object */ = {
			isa = PBXProject;
			attributes = {
				BuildIndependentTargetsInParallel = 1;
				LastSwiftUpdateCheck = 1410;
				LastUpgradeCheck = 1410;
				TargetAttributes = {
					4DB07AAB297AB64700210524 = {
						CreatedOnToolsVersion = 14.1;
					};
				};
			};
			buildConfigurationList = 4DB07AA7297AB64700210524 /* Build configuration list for PBXProject "RickAndMorty" */;
			compatibilityVersion = "Xcode 14.0";
			developmentRegion = en;
			hasScannedForEncodings = 0;
			knownRegions = (
				en,
				Base,
			);
			mainGroup = 4DB07AA3297AB64700210524;
			productRefGroup = 4DB07AAD297AB64700210524 /* Products */;
			projectDirPath = "";
			projectRoot = "";
			targets = (
				4DB07AAB297AB64700210524 /* RickAndMorty */,
			);
		};
/* End PBXProject section */

/* Begin PBXResourcesBuildPhase section */
		4DB07AAA297AB64700210524 /* Resources */ = {
			isa = PBXResourcesBuildPhase;
			buildActionMask = 2147483647;
			files = (
				4DB07ABC297AB64900210524 /* LaunchScreen.storyboard in Resources */,
				4DB07AB9297AB64900210524 /* Assets.xcassets in Resources */,
			);
			runOnlyForDeploymentPostprocessing = 0;
		};
/* End PBXResourcesBuildPhase section */

/* Begin PBXSourcesBuildPhase section */
		4DB07AA8297AB64700210524 /* Sources */ = {
			isa = PBXSourcesBuildPhase;
			buildActionMask = 2147483647;
			files = (
				4DB07AD4297AB97300210524 /* RMLocationViewController.swift in Sources */,
				4DB07ACF297AB8C800210524 /* RMEpisode.swift in Sources */,
				4DB07AB4297AB64700210524 /* RMTabBarViewController.swift in Sources */,
				4DB07AD6297AB97B00210524 /* RMEpisodeViewController.swift in Sources */,
				4DB07AB0297AB64700210524 /* AppDelegate.swift in Sources */,
				4DB07AB2297AB64700210524 /* SceneDelegate.swift in Sources */,
				4DB07AD8297AB98200210524 /* RMSettingsViewController.swift in Sources */,
				4DB07ADA297AC0D900210524 /* RMService.swift in Sources */,
				4DB07ACB297AB8B500210524 /* RMLocation.swift in Sources */,
				4DB07ADE297AC15F00210524 /* RMEndpoint.swift in Sources */,
				4DB07ACD297AB8C100210524 /* RMCharacter.swift in Sources */,
				4DB07ADC297AC0EC00210524 /* RMRequest.swift in Sources */,
				4DB07AD2297AB91F00210524 /* RMCharacterViewController.swift in Sources */,
			);
			runOnlyForDeploymentPostprocessing = 0;
		};
/* End PBXSourcesBuildPhase section */

/* Begin PBXVariantGroup section */
		4DB07ABA297AB64900210524 /* LaunchScreen.storyboard */ = {
			isa = PBXVariantGroup;
			children = (
				4DB07ABB297AB64900210524 /* Base */,
			);
			name = LaunchScreen.storyboard;
			sourceTree = "<group>";
		};
/* End PBXVariantGroup section */

/* Begin XCBuildConfiguration section */
		4DB07ABE297AB64900210524 /* Debug */ = {
			isa = XCBuildConfiguration;
			buildSettings = {
				ALWAYS_SEARCH_USER_PATHS = NO;
				CLANG_ANALYZER_NONNULL = YES;
				CLANG_ANALYZER_NUMBER_OBJECT_CONVERSION = YES_AGGRESSIVE;
				CLANG_CXX_LANGUAGE_STANDARD = "gnu++20";
				CLANG_ENABLE_MODULES = YES;
				CLANG_ENABLE_OBJC_ARC = YES;
				CLANG_ENABLE_OBJC_WEAK = YES;
				CLANG_WARN_BLOCK_CAPTURE_AUTORELEASING = YES;
				CLANG_WARN_BOOL_CONVERSION = YES;
				CLANG_WARN_COMMA = YES;
				CLANG_WARN_CONSTANT_CONVERSION = YES;
				CLANG_WARN_DEPRECATED_OBJC_IMPLEMENTATIONS = YES;
				CLANG_WARN_DIRECT_OBJC_ISA_USAGE = YES_ERROR;
				CLANG_WARN_DOCUMENTATION_COMMENTS = YES;
				CLANG_WARN_EMPTY_BODY = YES;
				CLANG_WARN_ENUM_CONVERSION = YES;
				CLANG_WARN_INFINITE_RECURSION = YES;
				CLANG_WARN_INT_CONVERSION = YES;
				CLANG_WARN_NON_LITERAL_NULL_CONVERSION = YES;
				CLANG_WARN_OBJC_IMPLICIT_RETAIN_SELF = YES;
				CLANG_WARN_OBJC_LITERAL_CONVERSION = YES;
				CLANG_WARN_OBJC_ROOT_CLASS = YES_ERROR;
				CLANG_WARN_QUOTED_INCLUDE_IN_FRAMEWORK_HEADER = YES;
				CLANG_WARN_RANGE_LOOP_ANALYSIS = YES;
				CLANG_WARN_STRICT_PROTOTYPES = YES;
				CLANG_WARN_SUSPICIOUS_MOVE = YES;
				CLANG_WARN_UNGUARDED_AVAILABILITY = YES_AGGRESSIVE;
				CLANG_WARN_UNREACHABLE_CODE = YES;
				CLANG_WARN__DUPLICATE_METHOD_MATCH = YES;
				COPY_PHASE_STRIP = NO;
				DEBUG_INFORMATION_FORMAT = dwarf;
				ENABLE_STRICT_OBJC_MSGSEND = YES;
				ENABLE_TESTABILITY = YES;
				GCC_C_LANGUAGE_STANDARD = gnu11;
				GCC_DYNAMIC_NO_PIC = NO;
				GCC_NO_COMMON_BLOCKS = YES;
				GCC_OPTIMIZATION_LEVEL = 0;
				GCC_PREPROCESSOR_DEFINITIONS = (
					"DEBUG=1",
					"$(inherited)",
				);
				GCC_WARN_64_TO_32_BIT_CONVERSION = YES;
				GCC_WARN_ABOUT_RETURN_TYPE = YES_ERROR;
				GCC_WARN_UNDECLARED_SELECTOR = YES;
				GCC_WARN_UNINITIALIZED_AUTOS = YES_AGGRESSIVE;
				GCC_WARN_UNUSED_FUNCTION = YES;
				GCC_WARN_UNUSED_VARIABLE = YES;
				IPHONEOS_DEPLOYMENT_TARGET = 16.1;
				MTL_ENABLE_DEBUG_INFO = INCLUDE_SOURCE;
				MTL_FAST_MATH = YES;
				ONLY_ACTIVE_ARCH = YES;
				SDKROOT = iphoneos;
				SWIFT_ACTIVE_COMPILATION_CONDITIONS = DEBUG;
				SWIFT_OPTIMIZATION_LEVEL = "-Onone";
			};
			name = Debug;
		};
		4DB07ABF297AB64900210524 /* Release */ = {
			isa = XCBuildConfiguration;
			buildSettings = {
				ALWAYS_SEARCH_USER_PATHS = NO;
				CLANG_ANALYZER_NONNULL = YES;
				CLANG_ANALYZER_NUMBER_OBJECT_CONVERSION = YES_AGGRESSIVE;
				CLANG_CXX_LANGUAGE_STANDARD = "gnu++20";
				CLANG_ENABLE_MODULES = YES;
				CLANG_ENABLE_OBJC_ARC = YES;
				CLANG_ENABLE_OBJC_WEAK = YES;
				CLANG_WARN_BLOCK_CAPTURE_AUTORELEASING = YES;
				CLANG_WARN_BOOL_CONVERSION = YES;
				CLANG_WARN_COMMA = YES;
				CLANG_WARN_CONSTANT_CONVERSION = YES;
				CLANG_WARN_DEPRECATED_OBJC_IMPLEMENTATIONS = YES;
				CLANG_WARN_DIRECT_OBJC_ISA_USAGE = YES_ERROR;
				CLANG_WARN_DOCUMENTATION_COMMENTS = YES;
				CLANG_WARN_EMPTY_BODY = YES;
				CLANG_WARN_ENUM_CONVERSION = YES;
				CLANG_WARN_INFINITE_RECURSION = YES;
				CLANG_WARN_INT_CONVERSION = YES;
				CLANG_WARN_NON_LITERAL_NULL_CONVERSION = YES;
				CLANG_WARN_OBJC_IMPLICIT_RETAIN_SELF = YES;
				CLANG_WARN_OBJC_LITERAL_CONVERSION = YES;
				CLANG_WARN_OBJC_ROOT_CLASS = YES_ERROR;
				CLANG_WARN_QUOTED_INCLUDE_IN_FRAMEWORK_HEADER = YES;
				CLANG_WARN_RANGE_LOOP_ANALYSIS = YES;
				CLANG_WARN_STRICT_PROTOTYPES = YES;
				CLANG_WARN_SUSPICIOUS_MOVE = YES;
				CLANG_WARN_UNGUARDED_AVAILABILITY = YES_AGGRESSIVE;
				CLANG_WARN_UNREACHABLE_CODE = YES;
				CLANG_WARN__DUPLICATE_METHOD_MATCH = YES;
				COPY_PHASE_STRIP = NO;
				DEBUG_INFORMATION_FORMAT = "dwarf-with-dsym";
				ENABLE_NS_ASSERTIONS = NO;
				ENABLE_STRICT_OBJC_MSGSEND = YES;
				GCC_C_LANGUAGE_STANDARD = gnu11;
				GCC_NO_COMMON_BLOCKS = YES;
				GCC_WARN_64_TO_32_BIT_CONVERSION = YES;
				GCC_WARN_ABOUT_RETURN_TYPE = YES_ERROR;
				GCC_WARN_UNDECLARED_SELECTOR = YES;
				GCC_WARN_UNINITIALIZED_AUTOS = YES_AGGRESSIVE;
				GCC_WARN_UNUSED_FUNCTION = YES;
				GCC_WARN_UNUSED_VARIABLE = YES;
				IPHONEOS_DEPLOYMENT_TARGET = 16.1;
				MTL_ENABLE_DEBUG_INFO = NO;
				MTL_FAST_MATH = YES;
				SDKROOT = iphoneos;
				SWIFT_COMPILATION_MODE = wholemodule;
				SWIFT_OPTIMIZATION_LEVEL = "-O";
				VALIDATE_PRODUCT = YES;
			};
			name = Release;
		};
		4DB07AC1297AB64900210524 /* Debug */ = {
			isa = XCBuildConfiguration;
			buildSettings = {
				ASSETCATALOG_COMPILER_APPICON_NAME = AppIcon;
				ASSETCATALOG_COMPILER_GLOBAL_ACCENT_COLOR_NAME = AccentColor;
				CODE_SIGN_STYLE = Automatic;
				CURRENT_PROJECT_VERSION = 1;
				DEVELOPMENT_TEAM = CZHT3BTCGY;
				GENERATE_INFOPLIST_FILE = YES;
				INFOPLIST_FILE = RickAndMorty/Info.plist;
				INFOPLIST_KEY_UIApplicationSupportsIndirectInputEvents = YES;
				INFOPLIST_KEY_UILaunchStoryboardName = LaunchScreen;
				INFOPLIST_KEY_UISupportedInterfaceOrientations_iPad = "UIInterfaceOrientationPortrait UIInterfaceOrientationPortraitUpsideDown UIInterfaceOrientationLandscapeLeft UIInterfaceOrientationLandscapeRight";
				INFOPLIST_KEY_UISupportedInterfaceOrientations_iPhone = "UIInterfaceOrientationPortrait UIInterfaceOrientationLandscapeLeft UIInterfaceOrientationLandscapeRight";
				LD_RUNPATH_SEARCH_PATHS = (
					"$(inherited)",
					"@executable_path/Frameworks",
				);
				MARKETING_VERSION = 1.0;
				PRODUCT_BUNDLE_IDENTIFIER = org.gdelgado.RickAndMorty;
				PRODUCT_NAME = "$(TARGET_NAME)";
				SWIFT_EMIT_LOC_STRINGS = YES;
				SWIFT_VERSION = 5.0;
				TARGETED_DEVICE_FAMILY = "1,2";
			};
			name = Debug;
		};
		4DB07AC2297AB64900210524 /* Release */ = {
			isa = XCBuildConfiguration;
			buildSettings = {
				ASSETCATALOG_COMPILER_APPICON_NAME = AppIcon;
				ASSETCATALOG_COMPILER_GLOBAL_ACCENT_COLOR_NAME = AccentColor;
				CODE_SIGN_STYLE = Automatic;
				CURRENT_PROJECT_VERSION = 1;
				DEVELOPMENT_TEAM = CZHT3BTCGY;
				GENERATE_INFOPLIST_FILE = YES;
				INFOPLIST_FILE = RickAndMorty/Info.plist;
				INFOPLIST_KEY_UIApplicationSupportsIndirectInputEvents = YES;
				INFOPLIST_KEY_UILaunchStoryboardName = LaunchScreen;
				INFOPLIST_KEY_UISupportedInterfaceOrientations_iPad = "UIInterfaceOrientationPortrait UIInterfaceOrientationPortraitUpsideDown UIInterfaceOrientationLandscapeLeft UIInterfaceOrientationLandscapeRight";
				INFOPLIST_KEY_UISupportedInterfaceOrientations_iPhone = "UIInterfaceOrientationPortrait UIInterfaceOrientationLandscapeLeft UIInterfaceOrientationLandscapeRight";
				LD_RUNPATH_SEARCH_PATHS = (
					"$(inherited)",
					"@executable_path/Frameworks",
				);
				MARKETING_VERSION = 1.0;
				PRODUCT_BUNDLE_IDENTIFIER = org.gdelgado.RickAndMorty;
				PRODUCT_NAME = "$(TARGET_NAME)";
				SWIFT_EMIT_LOC_STRINGS = YES;
				SWIFT_VERSION = 5.0;
				TARGETED_DEVICE_FAMILY = "1,2";
			};
			name = Release;
		};
/* End XCBuildConfiguration section */

/* Begin XCConfigurationList section */
		4DB07AA7297AB64700210524 /* Build configuration list for PBXProject "RickAndMorty" */ = {
			isa = XCConfigurationList;
			buildConfigurations = (
				4DB07ABE297AB64900210524 /* Debug */,
				4DB07ABF297AB64900210524 /* Release */,
			);
			defaultConfigurationIsVisible = 0;
			defaultConfigurationName = Release;
		};
		4DB07AC0297AB64900210524 /* Build configuration list for PBXNativeTarget "RickAndMorty" */ = {
			isa = XCConfigurationList;
			buildConfigurations = (
				4DB07AC1297AB64900210524 /* Debug */,
				4DB07AC2297AB64900210524 /* Release */,
			);
			defaultConfigurationIsVisible = 0;
			defaultConfigurationName = Release;
		};
/* End XCConfigurationList section */
	};
	rootObject = 4DB07AA4297AB64700210524 /* Project object */;
}
